github.com/codegangsta/cli v1.20.0 h1:iX1FXEgwzd5+XN6wk5cVHOGQj6Q3Dcp20lUeS4lHNTw=
github.com/codegangsta/cli v1.20.0/go.mod h1:/qJNoX69yVSKu5o4jLyXAENLRyk1uhi7zkbQ3slBdOA=
github.com/docker-library/go-dockerlibrary v0.0.0-20190129000321-7e50189a05d4 h1:Jl830zF5XyeMipP9Ag2J64TAeheWDvOsqLuaDHn4pb8=
github.com/docker-library/go-dockerlibrary v0.0.0-20190129000321-7e50189a05d4/go.mod h1:ijRhN3WM71dD8TfohKoUdX46BT2uz/Ek5O+5PINI880=
github.com/docker-library/go-dockerlibrary v0.0.0-20190605224921-7d4d3222cdd1 h1:eTBMV614FnFNrm4PKUB+8UtOyrcF1uINuBak//m6YI0=
github.com/docker-library/go-dockerlibrary v0.0.0-20190605224921-7d4d3222cdd1/go.mod h1:ijRhN3WM71dD8TfohKoUdX46BT2uz/Ek5O+5PINI880=
github.com/kjk/lzma v0.0.0-20161016003348-3fd93898850d/go.mod h1:phT/jsRPBAEqjAibu1BurrabCBNTYiVI+zbmyCZJY6Q=
github.com/xi2/xz v0.0.0-20171230120015-48954b6210f8/go.mod h1:HUYIGzjTL3rfEspMxjDjgmT5uz5wzYJKVo23qUhYTos=
golang.org/x/crypto v0.0.0-20190103213133-ff983b9c42bc/go.mod h1:6SG95UA2DQfeDnfUPMdvaQW0Q7yPrPDi9nlGo2tz2b4=
golang.org/x/crypto v0.0.0-20190325154230-a5d413f7728c h1:Vj5n4GlwjmQteupaxJ9+0FNOmBrHfq7vN4btdGoDZgI=
golang.org/x/crypto v0.0.0-20190325154230-a5d413f7728c/go.mod h1:djNgcEr1/C05ACkg1iLfiJU5Ep61QUkGW8qpdssI0+w=
golang.org/x/sys v0.0.0-20190215142949-d0b11bdaac8a/go.mod h1:STP8DvDyc/dI5b8T5hshtkjS+E42TnysNCUPdjciGhY=
golang.org/x/sys v0.0.0-20190322080309-f49334f85ddc/go.mod h1:h1NjWce9XRLGQEsW7wpKNCjG9DtNlClVuFLEZdDNbEs=
pault.ag/go/debian v0.0.0-20190109175134-a131cb0ae041 h1:LmTwXQVDWXMigTB88hFtd6mc3l5eLAlgdtfPI0F69bQ=
pault.ag/go/debian v0.0.0-20190109175134-a131cb0ae041/go.mod h1:e7Gva9AMoKtUKYJ1G9kIesbh+4VS2JnAOS8VWafyTCk=
pault.ag/go/topsort v0.0.0-20160530003732-f98d2ad46e1a h1:WwS7vlB5H2AtwKj1jsGwp2ZLud1x6WXRXh2fXsRqrcA=
pault.ag/go/topsort v0.0.0-20160530003732-f98d2ad46e1a/go.mod h1:INqx0ClF7kmPAMk2zVTX8DRnhZ/yaA/Mg52g8KFKE7k=
